
Microsoft Visual Studio Solution File, Format Version 12.00
# Visual Studio Version 16
VisualStudioVersion = 16.0.29102.190
MinimumVisualStudioVersion = 10.0.40219.1
Project("{FAE04EC0-301F-11D3-BF4B-00C04F79EFBC}") = "Down_loader", "Down_loader\Down_loader.csproj", "{658920BA-8F55-4782-831D-12031A1728B4}"
EndProject
Project("{FAE04EC0-301F-11D3-BF4B-00C04F79EFBC}") = "Vk_console", "Vk_console\Vk_console.csproj", "{8798CE82-4108-47DD-B5E6-541EC49F7165}"
EndProject
Project("{FAE04EC0-301F-11D3-BF4B-00C04F79EFBC}") = "Random_pic", "Random_pic\Random_pic.csproj", "{74035384-D1A1-44D8-BB20-1AC4035308BF}"
EndProject
Global
	GlobalSection(SolutionConfigurationPlatforms) = preSolution
		Debug|Any CPU = Debug|Any CPU
		Release|Any CPU = Release|Any CPU
	EndGlobalSection
	GlobalSection(ProjectConfigurationPlatforms) = postSolution
		{658920BA-8F55-4782-831D-12031A1728B4}.Debug|Any CPU.ActiveCfg = Debug|Any CPU
		{658920BA-8F55-4782-831D-12031A1728B4}.Debug|Any CPU.Build.0 = Debug|Any CPU
		{658920BA-8F55-4782-831D-12031A1728B4}.Release|Any CPU.ActiveCfg = Release|Any CPU
		{658920BA-8F55-4782-831D-12031A1728B4}.Release|Any CPU.Build.0 = Release|Any CPU
		{8798CE82-4108-47DD-B5E6-541EC49F7165}.Debug|Any CPU.ActiveCfg = Debug|Any CPU
		{8798CE82-4108-47DD-B5E6-541EC49F7165}.Debug|Any CPU.Build.0 = Debug|Any CPU
		{8798CE82-4108-47DD-B5E6-541EC49F7165}.Release|Any CPU.ActiveCfg = Release|Any CPU
		{8798CE82-4108-47DD-B5E6-541EC49F7165}.Release|Any CPU.Build.0 = Release|Any CPU
		{74035384-D1A1-44D8-BB20-1AC4035308BF}.Debug|Any CPU.ActiveCfg = Debug|Any CPU
		{74035384-D1A1-44D8-BB20-1AC4035308BF}.Debug|Any CPU.Build.0 = Debug|Any CPU
		{74035384-D1A1-44D8-BB20-1AC4035308BF}.Release|Any CPU.ActiveCfg = Release|Any CPU
		{74035384-D1A1-44D8-BB20-1AC4035308BF}.Release|Any CPU.Build.0 = Release|Any CPU
	EndGlobalSection
	GlobalSection(SolutionProperties) = preSolution
		HideSolutionNode = FALSE
	EndGlobalSection
	GlobalSection(ExtensibilityGlobals) = postSolution
		SolutionGuid = {016CB493-450F-4522-BE90-FCBCC6B399F8}
	EndGlobalSection
EndGlobal
